
Microsoft Visual Studio Solution File, Format Version 12.00
# Visual Studio 14
VisualStudioVersion = 14.0.25420.1
MinimumVisualStudioVersion = 10.0.40219.1
Project("{8BB2217D-0F2D-49D1-97BC-3654ED321F3B}") = "CodeCamp.Api", "src\CodeCamp.Api\CodeCamp.Api.xproj", "{889C40C6-516D-4D15-AE63-0740D95E348F}"
EndProject
Project("{8BB2217D-0F2D-49D1-97BC-3654ED321F3B}") = "MyCodeCamp.Data", "src\MyCodeCamp.Data\MyCodeCamp.Data.xproj", "{27499CF7-2060-4F57-9166-9A2468674626}"
EndProject
Global
	GlobalSection(SolutionConfigurationPlatforms) = preSolution
		Debug|Any CPU = Debug|Any CPU
		Release|Any CPU = Release|Any CPU
	EndGlobalSection
	GlobalSection(ProjectConfigurationPlatforms) = postSolution
		{889C40C6-516D-4D15-AE63-0740D95E348F}.Debug|Any CPU.ActiveCfg = Debug|Any CPU
		{889C40C6-516D-4D15-AE63-0740D95E348F}.Debug|Any CPU.Build.0 = Debug|Any CPU
		{889C40C6-516D-4D15-AE63-0740D95E348F}.Release|Any CPU.ActiveCfg = Release|Any CPU
		{889C40C6-516D-4D15-AE63-0740D95E348F}.Release|Any CPU.Build.0 = Release|Any CPU
		{27499CF7-2060-4F57-9166-9A2468674626}.Debug|Any CPU.ActiveCfg = Debug|Any CPU
		{27499CF7-2060-4F57-9166-9A2468674626}.Debug|Any CPU.Build.0 = Debug|Any CPU
		{27499CF7-2060-4F57-9166-9A2468674626}.Release|Any CPU.ActiveCfg = Release|Any CPU
		{27499CF7-2060-4F57-9166-9A2468674626}.Release|Any CPU.Build.0 = Release|Any CPU
	EndGlobalSection
	GlobalSection(SolutionProperties) = preSolution
		HideSolutionNode = FALSE
	EndGlobalSection
EndGlobal
